
Microsoft Visual Studio Solution File, Format Version 12.00
# Visual Studio Version 16
VisualStudioVersion = 16.0.30907.101
MinimumVisualStudioVersion = 10.0.40219.1
Project("{FAE04EC0-301F-11D3-BF4B-00C04F79EFBC}") = "NumberGuesser", "NumberGuesser\NumberGuesser.csproj", "{96F631C1-A788-48F5-9DDA-E5C1B20D8E59}"
EndProject
Global
	GlobalSection(SolutionConfigurationPlatforms) = preSolution
		Debug|Any CPU = Debug|Any CPU
		Release|Any CPU = Release|Any CPU
	EndGlobalSection
	GlobalSection(ProjectConfigurationPlatforms) = postSolution
		{96F631C1-A788-48F5-9DDA-E5C1B20D8E59}.Debug|Any CPU.ActiveCfg = Debug|Any CPU
		{96F631C1-A788-48F5-9DDA-E5C1B20D8E59}.Debug|Any CPU.Build.0 = Debug|Any CPU
		{96F631C1-A788-48F5-9DDA-E5C1B20D8E59}.Release|Any CPU.ActiveCfg = Release|Any CPU
		{96F631C1-A788-48F5-9DDA-E5C1B20D8E59}.Release|Any CPU.Build.0 = Release|Any CPU
	EndGlobalSection
	GlobalSection(SolutionProperties) = preSolution
		HideSolutionNode = FALSE
	EndGlobalSection
	GlobalSection(ExtensibilityGlobals) = postSolution
		SolutionGuid = {EBDE3A06-4A68-4FC5-8C26-5C8D5541F318}
	EndGlobalSection
EndGlobal
